
Microsoft Visual Studio Solution File, Format Version 12.00
# Visual Studio Version 17
VisualStudioVersion = 17.4.33213.308
MinimumVisualStudioVersion = 10.0.40219.1
Project("{FAE04EC0-301F-11D3-BF4B-00C04F79EFBC}") = "DataProcessing", "DataProcessing\DataProcessing.csproj", "{B035C78E-A24A-43BC-8242-62DFC8E8A752}"
EndProject
Global
	GlobalSection(SolutionConfigurationPlatforms) = preSolution
		Debug|Any CPU = Debug|Any CPU
		Release|Any CPU = Release|Any CPU
	EndGlobalSection
	GlobalSection(ProjectConfigurationPlatforms) = postSolution
		{B035C78E-A24A-43BC-8242-62DFC8E8A752}.Debug|Any CPU.ActiveCfg = Debug|Any CPU
		{B035C78E-A24A-43BC-8242-62DFC8E8A752}.Debug|Any CPU.Build.0 = Debug|Any CPU
		{B035C78E-A24A-43BC-8242-62DFC8E8A752}.Release|Any CPU.ActiveCfg = Release|Any CPU
		{B035C78E-A24A-43BC-8242-62DFC8E8A752}.Release|Any CPU.Build.0 = Release|Any CPU
	EndGlobalSection
	GlobalSection(SolutionProperties) = preSolution
		HideSolutionNode = FALSE
	EndGlobalSection
	GlobalSection(ExtensibilityGlobals) = postSolution
		SolutionGuid = {1F873CB2-0F56-4003-9198-4A6BC7D0EBAB}
	EndGlobalSection
EndGlobal
